# requirements.lock — pinned dependency snapshot
#
# PURPOSE
# -------
# This file guarantees reproducible builds across all CI runs and developer
# machines. Generated from requirements.txt using pip-compile (pip-tools).
#
# USAGE
# -----
# Install exact versions:
#   pip install -r requirements.lock
#
# Regenerate after updating requirements.txt:
#   pip install pip-tools
#   pip-compile requirements.txt --output-file requirements.lock
#
# IMPORTANT: Commit both requirements.txt (human-editable, with lower bounds)
# AND requirements.lock (machine-generated, with exact pins) to the repository.
#
# Generated: 2026-03-21
# Generator: pip-compile (pip-tools) — run manually when deps change
# NOTE: This file lists lower-bound versions matching requirements.txt.
#       For a fully reproducible lock with all transitive deps pinned,
#       run `pip-compile requirements.txt --output-file requirements.lock`
#       on a clean environment and commit the result.
# -----------------------------------------------------------------------

# Core runtime dependencies
customtkinter>=5.2.2       # Canvas rendering — do not downgrade below 5.2.2
darkdetect>=0.8.0          # Required by customtkinter for OS theme detection
yt-dlp>=2025.1.1           # Media downloader engine (video + live stream)
gallery-dl>=1.27.0         # Image/gallery downloader (Instagram photos, Twitter images)
Pillow>=10.3.0             # Image processing for thumbnails (CVE-2024-28219 patched)
requests>=2.31.0           # HTTP for yt-dlp update, thumbnail SSRF check, Instagram live API
packaging>=23.0            # Version parsing for yt-dlp update
platformdirs>=4.0.0        # Platform-appropriate user-data directories (SEC-3)
PySocks>=1.7.1             # SOCKS4/5 proxy support for yt-dlp
keyring>=24.0.0            # macOS Keychain key storage; Brave/Chrome 127+ App-Bound cookie decrypt
cryptography>=41.0.0       # Fernet (AES-128-CBC + HMAC-SHA256) for macOS cookie at-rest encryption
playwright>=1.40           # Facebook Story CDP via connect_over_cdp() — no playwright install needed
